
Microsoft Visual Studio Solution File, Format Version 12.00
# Visual Studio Version 17
VisualStudioVersion = 17.7.34024.191
MinimumVisualStudioVersion = 10.0.40219.1
Project("{FAE04EC0-301F-11D3-BF4B-00C04F79EFBC}") = "ServiceClassProject", "ServiceClassProject\ServiceClassProject.csproj", "{191CE9E7-086E-4B84-A609-2E2B1D691C13}"
EndProject
Global
	GlobalSection(SolutionConfigurationPlatforms) = preSolution
		Debug|Any CPU = Debug|Any CPU
		Release|Any CPU = Release|Any CPU
	EndGlobalSection
	GlobalSection(ProjectConfigurationPlatforms) = postSolution
		{191CE9E7-086E-4B84-A609-2E2B1D691C13}.Debug|Any CPU.ActiveCfg = Debug|Any CPU
		{191CE9E7-086E-4B84-A609-2E2B1D691C13}.Debug|Any CPU.Build.0 = Debug|Any CPU
		{191CE9E7-086E-4B84-A609-2E2B1D691C13}.Release|Any CPU.ActiveCfg = Release|Any CPU
		{191CE9E7-086E-4B84-A609-2E2B1D691C13}.Release|Any CPU.Build.0 = Release|Any CPU
	EndGlobalSection
	GlobalSection(SolutionProperties) = preSolution
		HideSolutionNode = FALSE
	EndGlobalSection
	GlobalSection(ExtensibilityGlobals) = postSolution
		SolutionGuid = {7A4B2A4A-7BF5-4BB6-87FA-45C281936605}
	EndGlobalSection
EndGlobal
